PODS:
  - Alamofire (5.2.2)
  - Floaty (4.2.0)
  - SwiftLint (0.39.2)
  - Toaster (2.3.0)

DEPENDENCIES:
  - Alamofire
  - Floaty (~> 4.2.0)
  - SwiftLint
  - Toaster (from `https://github.com/devxoul/Toaster.git`, branch `master`)

SPEC REPOS:
  trunk:
    - Alamofire
    - Floaty
    - SwiftLint

EXTERNAL SOURCES:
  Toaster:
    :branch: master
    :git: https://github.com/devxoul/Toaster.git

CHECKOUT OPTIONS:
  Toaster:
    :commit: aec54fc48d3d36279424103de0784c23862d19df
    :git: https://github.com/devxoul/Toaster.git

SPEC CHECKSUMS:
  Alamofire: 814429acc853c6c54ff123fc3d2ef66803823ce0
  Floaty: e2bd5a0f6f7f70899e26ff2da31081c8bee8d1b0
  SwiftLint: 22ccbbe3b8008684be5955693bab135e0ed6a447
  Toaster: 33d27524fb6829cdb6b247c924beab0cfa001b3e

PODFILE CHECKSUM: 906b761e5d299394bb5cb8259e458a1685ec980c

COCOAPODS: 1.9.3
