// !$*UTF8*$!
{
	archiveVersion = 1;
	classes = {
	};
	objectVersion = 51;
	objects = {

/* Begin PBXBuildFile section */
		A5BD927E244DCAE600D6442F /* AppDelegate.swift in Sources */ = {isa = PBXBuildFile; fileRef = A5BD927D244DCAE600D6442F /* AppDelegate.swift */; };
		A5BD9280244DCAE600D6442F /* SceneDelegate.swift in Sources */ = {isa = PBXBuildFile; fileRef = A5BD927F244DCAE600D6442F /* SceneDelegate.swift */; };
		A5BD9282244DCAE600D6442F /* LoginViewController.swift in Sources */ = {isa = PBXBuildFile; fileRef = A5BD9281244DCAE600D6442F /* LoginViewController.swift */; };
		A5BD9285244DCAE600D6442F /* Main.storyboard in Resources */ = {isa = PBXBuildFile; fileRef = A5BD9283244DCAE600D6442F /* Main.storyboard */; };
		A5BD9287244DCAE900D6442F /* Assets.xcassets in Resources */ = {isa = PBXBuildFile; fileRef = A5BD9286244DCAE900D6442F /* Assets.xcassets */; };
		A5BD928A244DCAE900D6442F /* LaunchScreen.storyboard in Resources */ = {isa = PBXBuildFile; fileRef = A5BD9288244DCAE900D6442F /* LaunchScreen.storyboard */; };
		A5BD9295244DCAE900D6442F /* SideDishTests.swift in Sources */ = {isa = PBXBuildFile; fileRef = A5BD9294244DCAE900D6442F /* SideDishTests.swift */; };
		DC0351DB2B7688D941993758 /* Pods_SideDish.framework in Frameworks */ = {isa = PBXBuildFile; fileRef = 8A98E303FEF1FD90EEBD1A53 /* Pods_SideDish.framework */; };
/* End PBXBuildFile section */

/* Begin PBXContainerItemProxy section */
		A5BD9291244DCAE900D6442F /* PBXContainerItemProxy */ = {
			isa = PBXContainerItemProxy;
			containerPortal = A5BD9272244DCAE500D6442F /* Project object */;
			proxyType = 1;
			remoteGlobalIDString = A5BD9279244DCAE500D6442F;
			remoteInfo = SideDish;
		};
/* End PBXContainerItemProxy section */

/* Begin PBXFileReference section */
		351C86E347EA7654E8C0F0FE /* Pods-SideDish.release.xcconfig */ = {isa = PBXFileReference; includeInIndex = 1; lastKnownFileType = text.xcconfig; name = "Pods-SideDish.release.xcconfig"; path = "Target Support Files/Pods-SideDish/Pods-SideDish.release.xcconfig"; sourceTree = "<group>"; };
		3863BEB21E4549E58523F8FF /* Pods-SideDish.debug.xcconfig */ = {isa = PBXFileReference; includeInIndex = 1; lastKnownFileType = text.xcconfig; name = "Pods-SideDish.debug.xcconfig"; path = "Target Support Files/Pods-SideDish/Pods-SideDish.debug.xcconfig"; sourceTree = "<group>"; };
		8A98E303FEF1FD90EEBD1A53 /* Pods_SideDish.framework */ = {isa = PBXFileReference; explicitFileType = wrapper.framework; includeInIndex = 0; path = Pods_SideDish.framework; sourceTree = BUILT_PRODUCTS_DIR; };
		A5BD927A244DCAE500D6442F /* SideDish.app */ = {isa = PBXFileReference; explicitFileType = wrapper.application; includeInIndex = 0; path = SideDish.app; sourceTree = BUILT_PRODUCTS_DIR; };
		A5BD927D244DCAE600D6442F /* AppDelegate.swift */ = {isa = PBXFileReference; lastKnownFileType = sourcecode.swift; path = AppDelegate.swift; sourceTree = "<group>"; };
		A5BD927F244DCAE600D6442F /* SceneDelegate.swift */ = {isa = PBXFileReference; lastKnownFileType = sourcecode.swift; path = SceneDelegate.swift; sourceTree = "<group>"; };
		A5BD9281244DCAE600D6442F /* LoginViewController.swift */ = {isa = PBXFileReference; lastKnownFileType = sourcecode.swift; path = LoginViewController.swift; sourceTree = "<group>"; };
		A5BD9284244DCAE600D6442F /* Base */ = {isa = PBXFileReference; lastKnownFileType = file.storyboard; name = Base; path = Base.lproj/Main.storyboard; sourceTree = "<group>"; };
		A5BD9286244DCAE900D6442F /* Assets.xcassets */ = {isa = PBXFileReference; lastKnownFileType = folder.assetcatalog; path = Assets.xcassets; sourceTree = "<group>"; };
		A5BD9289244DCAE900D6442F /* Base */ = {isa = PBXFileReference; lastKnownFileType = file.storyboard; name = Base; path = Base.lproj/LaunchScreen.storyboard; sourceTree = "<group>"; };
		A5BD928B244DCAE900D6442F /* Info.plist */ = {isa = PBXFileReference; lastKnownFileType = text.plist.xml; path = Info.plist; sourceTree = "<group>"; };
		A5BD9290244DCAE900D6442F /* SideDishTests.xctest */ = {isa = PBXFileReference; explicitFileType = wrapper.cfbundle; includeInIndex = 0; path = SideDishTests.xctest; sourceTree = BUILT_PRODUCTS_DIR; };
		A5BD9294244DCAE900D6442F /* SideDishTests.swift */ = {isa = PBXFileReference; lastKnownFileType = sourcecode.swift; path = SideDishTests.swift; sourceTree = "<group>"; };
		A5BD9296244DCAE900D6442F /* Info.plist */ = {isa = PBXFileReference; lastKnownFileType = text.plist.xml; path = Info.plist; sourceTree = "<group>"; };
/* End PBXFileReference section */

/* Begin PBXFrameworksBuildPhase section */
		A5BD9277244DCAE500D6442F /* Frameworks */ = {
			isa = PBXFrameworksBuildPhase;
			buildActionMask = 2147483647;
			files = (
				DC0351DB2B7688D941993758 /* Pods_SideDish.framework in Frameworks */,
			);
			runOnlyForDeploymentPostprocessing = 0;
		};
		A5BD928D244DCAE900D6442F /* Frameworks */ = {
			isa = PBXFrameworksBuildPhase;
			buildActionMask = 2147483647;
			files = (
			);
			runOnlyForDeploymentPostprocessing = 0;
		};
/* End PBXFrameworksBuildPhase section */

/* Begin PBXGroup section */
		4A2D19BFA13A59A9795A6243 /* Pods */ = {
			isa = PBXGroup;
			children = (
				3863BEB21E4549E58523F8FF /* Pods-SideDish.debug.xcconfig */,
				351C86E347EA7654E8C0F0FE /* Pods-SideDish.release.xcconfig */,
			);
			path = Pods;
			sourceTree = "<group>";
		};
		A5BD9271244DCAE500D6442F = {
			isa = PBXGroup;
			children = (
				A5BD927C244DCAE500D6442F /* SideDish */,
				A5BD9293244DCAE900D6442F /* SideDishTests */,
				A5BD927B244DCAE500D6442F /* Products */,
				4A2D19BFA13A59A9795A6243 /* Pods */,
				D0503BEE24127367757CA086 /* Frameworks */,
			);
			sourceTree = "<group>";
		};
		A5BD927B244DCAE500D6442F /* Products */ = {
			isa = PBXGroup;
			children = (
				A5BD927A244DCAE500D6442F /* SideDish.app */,
				A5BD9290244DCAE900D6442F /* SideDishTests.xctest */,
			);
			name = Products;
			sourceTree = "<group>";
		};
		A5BD927C244DCAE500D6442F /* SideDish */ = {
			isa = PBXGroup;
			children = (
				A5BD927D244DCAE600D6442F /* AppDelegate.swift */,
				A5BD927F244DCAE600D6442F /* SceneDelegate.swift */,
				A5BD9281244DCAE600D6442F /* LoginViewController.swift */,
				A5BD9283244DCAE600D6442F /* Main.storyboard */,
				A5BD9286244DCAE900D6442F /* Assets.xcassets */,
				A5BD9288244DCAE900D6442F /* LaunchScreen.storyboard */,
				A5BD928B244DCAE900D6442F /* Info.plist */,
			);
			path = SideDish;
			sourceTree = "<group>";
		};
		A5BD9293244DCAE900D6442F /* SideDishTests */ = {
			isa = PBXGroup;
			children = (
				A5BD9294244DCAE900D6442F /* SideDishTests.swift */,
				A5BD9296244DCAE900D6442F /* Info.plist */,
			);
			path = SideDishTests;
			sourceTree = "<group>";
		};
		D0503BEE24127367757CA086 /* Frameworks */ = {
			isa = PBXGroup;
			children = (
				8A98E303FEF1FD90EEBD1A53 /* Pods_SideDish.framework */,
			);
			name = Frameworks;
			sourceTree = "<group>";
		};
/* End PBXGroup section */

/* Begin PBXNativeTarget section */
		A5BD9279244DCAE500D6442F /* SideDish */ = {
			isa = PBXNativeTarget;
			buildConfigurationList = A5BD9299244DCAE900D6442F /* Build configuration list for PBXNativeTarget "SideDish" */;
			buildPhases = (
				92B8A142258ADBCE4ABD596F /* [CP] Check Pods Manifest.lock */,
				A5BD9276244DCAE500D6442F /* Sources */,
				A5BD9277244DCAE500D6442F /* Frameworks */,
				A5BD9278244DCAE500D6442F /* Resources */,
				CB6BFEAEBC0BCEF3952F38DA /* [CP] Embed Pods Frameworks */,
			);
			buildRules = (
			);
			dependencies = (
			);
			name = SideDish;
			productName = SideDish;
			productReference = A5BD927A244DCAE500D6442F /* SideDish.app */;
			productType = "com.apple.product-type.application";
		};
		A5BD928F244DCAE900D6442F /* SideDishTests */ = {
			isa = PBXNativeTarget;
			buildConfigurationList = A5BD929C244DCAE900D6442F /* Build configuration list for PBXNativeTarget "SideDishTests" */;
			buildPhases = (
				A5BD928C244DCAE900D6442F /* Sources */,
				A5BD928D244DCAE900D6442F /* Frameworks */,
				A5BD928E244DCAE900D6442F /* Resources */,
			);
			buildRules = (
			);
			dependencies = (
				A5BD9292244DCAE900D6442F /* PBXTargetDependency */,
			);
			name = SideDishTests;
			productName = SideDishTests;
			productReference = A5BD9290244DCAE900D6442F /* SideDishTests.xctest */;
			productType = "com.apple.product-type.bundle.unit-test";
		};
/* End PBXNativeTarget section */

/* Begin PBXProject section */
		A5BD9272244DCAE500D6442F /* Project object */ = {
			isa = PBXProject;
			attributes = {
				LastSwiftUpdateCheck = 1140;
				LastUpgradeCheck = 1140;
				ORGANIZATIONNAME = "신한섭";
				TargetAttributes = {
					A5BD9279244DCAE500D6442F = {
						CreatedOnToolsVersion = 11.4.1;
					};
					A5BD928F244DCAE900D6442F = {
						CreatedOnToolsVersion = 11.4.1;
						TestTargetID = A5BD9279244DCAE500D6442F;
					};
				};
			};
			buildConfigurationList = A5BD9275244DCAE500D6442F /* Build configuration list for PBXProject "SideDish" */;
			compatibilityVersion = "Xcode 9.3";
			developmentRegion = en;
			hasScannedForEncodings = 0;
			knownRegions = (
				en,
				Base,
			);
			mainGroup = A5BD9271244DCAE500D6442F;
			productRefGroup = A5BD927B244DCAE500D6442F /* Products */;
			projectDirPath = "";
			projectRoot = "";
			targets = (
				A5BD9279244DCAE500D6442F /* SideDish */,
				A5BD928F244DCAE900D6442F /* SideDishTests */,
			);
		};
/* End PBXProject section */

/* Begin PBXResourcesBuildPhase section */
		A5BD9278244DCAE500D6442F /* Resources */ = {
			isa = PBXResourcesBuildPhase;
			buildActionMask = 2147483647;
			files = (
				A5BD928A244DCAE900D6442F /* LaunchScreen.storyboard in Resources */,
				A5BD9287244DCAE900D6442F /* Assets.xcassets in Resources */,
				A5BD9285244DCAE600D6442F /* Main.storyboard in Resources */,
			);
			runOnlyForDeploymentPostprocessing = 0;
		};
		A5BD928E244DCAE900D6442F /* Resources */ = {
			isa = PBXResourcesBuildPhase;
			buildActionMask = 2147483647;
			files = (
			);
			runOnlyForDeploymentPostprocessing = 0;
		};
/* End PBXResourcesBuildPhase section */

/* Begin PBXShellScriptBuildPhase section */
		92B8A142258ADBCE4ABD596F /* [CP] Check Pods Manifest.lock */ = {
			isa = PBXShellScriptBuildPhase;
			buildActionMask = 2147483647;
			files = (
			);
			inputFileListPaths = (
			);
			inputPaths = (
				"${PODS_PODFILE_DIR_PATH}/Podfile.lock",
				"${PODS_ROOT}/Manifest.lock",
			);
			name = "[CP] Check Pods Manifest.lock";
			outputFileListPaths = (
			);
			outputPaths = (
				"$(DERIVED_FILE_DIR)/Pods-SideDish-checkManifestLockResult.txt",
			);
			runOnlyForDeploymentPostprocessing = 0;
			shellPath = /bin/sh;
			shellScript = "diff \"${PODS_PODFILE_DIR_PATH}/Podfile.lock\" \"${PODS_ROOT}/Manifest.lock\" > /dev/null\nif [ $? != 0 ] ; then\n    # print error to STDERR\n    echo \"error: The sandbox is not in sync with the Podfile.lock. Run 'pod install' or update your CocoaPods installation.\" >&2\n    exit 1\nfi\n# This output is used by Xcode 'outputs' to avoid re-running this script phase.\necho \"SUCCESS\" > \"${SCRIPT_OUTPUT_FILE_0}\"\n";
			showEnvVarsInLog = 0;
		};
		CB6BFEAEBC0BCEF3952F38DA /* [CP] Embed Pods Frameworks */ = {
			isa = PBXShellScriptBuildPhase;
			buildActionMask = 2147483647;
			files = (
			);
			inputFileListPaths = (
				"${PODS_ROOT}/Target Support Files/Pods-SideDish/Pods-SideDish-frameworks-${CONFIGURATION}-input-files.xcfilelist",
			);
			name = "[CP] Embed Pods Frameworks";
			outputFileListPaths = (
				"${PODS_ROOT}/Target Support Files/Pods-SideDish/Pods-SideDish-frameworks-${CONFIGURATION}-output-files.xcfilelist",
			);
			runOnlyForDeploymentPostprocessing = 0;
			shellPath = /bin/sh;
			shellScript = "\"${PODS_ROOT}/Target Support Files/Pods-SideDish/Pods-SideDish-frameworks.sh\"\n";
			showEnvVarsInLog = 0;
		};
/* End PBXShellScriptBuildPhase section */

/* Begin PBXSourcesBuildPhase section */
		A5BD9276244DCAE500D6442F /* Sources */ = {
			isa = PBXSourcesBuildPhase;
			buildActionMask = 2147483647;
			files = (
				A5BD9282244DCAE600D6442F /* LoginViewController.swift in Sources */,
				A5BD927E244DCAE600D6442F /* AppDelegate.swift in Sources */,
				A5BD9280244DCAE600D6442F /* SceneDelegate.swift in Sources */,
			);
			runOnlyForDeploymentPostprocessing = 0;
		};
		A5BD928C244DCAE900D6442F /* Sources */ = {
			isa = PBXSourcesBuildPhase;
			buildActionMask = 2147483647;
			files = (
				A5BD9295244DCAE900D6442F /* SideDishTests.swift in Sources */,
			);
			runOnlyForDeploymentPostprocessing = 0;
		};
/* End PBXSourcesBuildPhase section */

/* Begin PBXTargetDependency section */
		A5BD9292244DCAE900D6442F /* PBXTargetDependency */ = {
			isa = PBXTargetDependency;
			target = A5BD9279244DCAE500D6442F /* SideDish */;
			targetProxy = A5BD9291244DCAE900D6442F /* PBXContainerItemProxy */;
		};
/* End PBXTargetDependency section */

/* Begin PBXVariantGroup section */
		A5BD9283244DCAE600D6442F /* Main.storyboard */ = {
			isa = PBXVariantGroup;
			children = (
				A5BD9284244DCAE600D6442F /* Base */,
			);
			name = Main.storyboard;
			sourceTree = "<group>";
		};
		A5BD9288244DCAE900D6442F /* LaunchScreen.storyboard */ = {
			isa = PBXVariantGroup;
			children = (
				A5BD9289244DCAE900D6442F /* Base */,
			);
			name = LaunchScreen.storyboard;
			sourceTree = "<group>";
		};
/* End PBXVariantGroup section */

/* Begin XCBuildConfiguration section */
		A5BD9297244DCAE900D6442F /* Debug */ = {
			isa = XCBuildConfiguration;
			buildSettings = {
				ALWAYS_SEARCH_USER_PATHS = NO;
				CLANG_ANALYZER_NONNULL = YES;
				CLANG_ANALYZER_NUMBER_OBJECT_CONVERSION = YES_AGGRESSIVE;
				CLANG_CXX_LANGUAGE_STANDARD = "gnu++14";
				CLANG_CXX_LIBRARY = "libc++";
				CLANG_ENABLE_MODULES = YES;
				CLANG_ENABLE_OBJC_ARC = YES;
				CLANG_ENABLE_OBJC_WEAK = YES;
				CLANG_WARN_BLOCK_CAPTURE_AUTORELEASING = YES;
				CLANG_WARN_BOOL_CONVERSION = YES;
				CLANG_WARN_COMMA = YES;
				CLANG_WARN_CONSTANT_CONVERSION = YES;
				CLANG_WARN_DEPRECATED_OBJC_IMPLEMENTATIONS = YES;
				CLANG_WARN_DIRECT_OBJC_ISA_USAGE = YES_ERROR;
				CLANG_WARN_DOCUMENTATION_COMMENTS = YES;
				CLANG_WARN_EMPTY_BODY = YES;
				CLANG_WARN_ENUM_CONVERSION = YES;
				CLANG_WARN_INFINITE_RECURSION = YES;
				CLANG_WARN_INT_CONVERSION = YES;
				CLANG_WARN_NON_LITERAL_NULL_CONVERSION = YES;
				CLANG_WARN_OBJC_IMPLICIT_RETAIN_SELF = YES;
				CLANG_WARN_OBJC_LITERAL_CONVERSION = YES;
				CLANG_WARN_OBJC_ROOT_CLASS = YES_ERROR;
				CLANG_WARN_RANGE_LOOP_ANALYSIS = YES;
				CLANG_WARN_STRICT_PROTOTYPES = YES;
				CLANG_WARN_SUSPICIOUS_MOVE = YES;
				CLANG_WARN_UNGUARDED_AVAILABILITY = YES_AGGRESSIVE;
				CLANG_WARN_UNREACHABLE_CODE = YES;
				CLANG_WARN__DUPLICATE_METHOD_MATCH = YES;
				COPY_PHASE_STRIP = NO;
				DEBUG_INFORMATION_FORMAT = dwarf;
				ENABLE_STRICT_OBJC_MSGSEND = YES;
				ENABLE_TESTABILITY = YES;
				GCC_C_LANGUAGE_STANDARD = gnu11;
				GCC_DYNAMIC_NO_PIC = NO;
				GCC_NO_COMMON_BLOCKS = YES;
				GCC_OPTIMIZATION_LEVEL = 0;
				GCC_PREPROCESSOR_DEFINITIONS = (
					"DEBUG=1",
					"$(inherited)",
				);
				GCC_WARN_64_TO_32_BIT_CONVERSION = YES;
				GCC_WARN_ABOUT_RETURN_TYPE = YES_ERROR;
				GCC_WARN_UNDECLARED_SELECTOR = YES;
				GCC_WARN_UNINITIALIZED_AUTOS = YES_AGGRESSIVE;
				GCC_WARN_UNUSED_FUNCTION = YES;
				GCC_WARN_UNUSED_VARIABLE = YES;
				IPHONEOS_DEPLOYMENT_TARGET = 13.0;
				MTL_ENABLE_DEBUG_INFO = INCLUDE_SOURCE;
				MTL_FAST_MATH = YES;
				ONLY_ACTIVE_ARCH = YES;
				SDKROOT = iphoneos;
				SWIFT_ACTIVE_COMPILATION_CONDITIONS = DEBUG;
				SWIFT_OPTIMIZATION_LEVEL = "-Onone";
			};
			name = Debug;
		};
		A5BD9298244DCAE900D6442F /* Release */ = {
			isa = XCBuildConfiguration;
			buildSettings = {
				ALWAYS_SEARCH_USER_PATHS = NO;
				CLANG_ANALYZER_NONNULL = YES;
				CLANG_ANALYZER_NUMBER_OBJECT_CONVERSION = YES_AGGRESSIVE;
				CLANG_CXX_LANGUAGE_STANDARD = "gnu++14";
				CLANG_CXX_LIBRARY = "libc++";
				CLANG_ENABLE_MODULES = YES;
				CLANG_ENABLE_OBJC_ARC = YES;
				CLANG_ENABLE_OBJC_WEAK = YES;
				CLANG_WARN_BLOCK_CAPTURE_AUTORELEASING = YES;
				CLANG_WARN_BOOL_CONVERSION = YES;
				CLANG_WARN_COMMA = YES;
				CLANG_WARN_CONSTANT_CONVERSION = YES;
				CLANG_WARN_DEPRECATED_OBJC_IMPLEMENTATIONS = YES;
				CLANG_WARN_DIRECT_OBJC_ISA_USAGE = YES_ERROR;
				CLANG_WARN_DOCUMENTATION_COMMENTS = YES;
				CLANG_WARN_EMPTY_BODY = YES;
				CLANG_WARN_ENUM_CONVERSION = YES;
				CLANG_WARN_INFINITE_RECURSION = YES;
				CLANG_WARN_INT_CONVERSION = YES;
				CLANG_WARN_NON_LITERAL_NULL_CONVERSION = YES;
				CLANG_WARN_OBJC_IMPLICIT_RETAIN_SELF = YES;
				CLANG_WARN_OBJC_LITERAL_CONVERSION = YES;
				CLANG_WARN_OBJC_ROOT_CLASS = YES_ERROR;
				CLANG_WARN_RANGE_LOOP_ANALYSIS = YES;
				CLANG_WARN_STRICT_PROTOTYPES = YES;
				CLANG_WARN_SUSPICIOUS_MOVE = YES;
				CLANG_WARN_UNGUARDED_AVAILABILITY = YES_AGGRESSIVE;
				CLANG_WARN_UNREACHABLE_CODE = YES;
				CLANG_WARN__DUPLICATE_METHOD_MATCH = YES;
				COPY_PHASE_STRIP = NO;
				DEBUG_INFORMATION_FORMAT = "dwarf-with-dsym";
				ENABLE_NS_ASSERTIONS = NO;
				ENABLE_STRICT_OBJC_MSGSEND = YES;
				GCC_C_LANGUAGE_STANDARD = gnu11;
				GCC_NO_COMMON_BLOCKS = YES;
				GCC_WARN_64_TO_32_BIT_CONVERSION = YES;
				GCC_WARN_ABOUT_RETURN_TYPE = YES_ERROR;
				GCC_WARN_UNDECLARED_SELECTOR = YES;
				GCC_WARN_UNINITIALIZED_AUTOS = YES_AGGRESSIVE;
				GCC_WARN_UNUSED_FUNCTION = YES;
				GCC_WARN_UNUSED_VARIABLE = YES;
				IPHONEOS_DEPLOYMENT_TARGET = 13.0;
				MTL_ENABLE_DEBUG_INFO = NO;
				MTL_FAST_MATH = YES;
				SDKROOT = iphoneos;
				SWIFT_COMPILATION_MODE = wholemodule;
				SWIFT_OPTIMIZATION_LEVEL = "-O";
				VALIDATE_PRODUCT = YES;
			};
			name = Release;
		};
		A5BD929A244DCAE900D6442F /* Debug */ = {
			isa = XCBuildConfiguration;
			baseConfigurationReference = 3863BEB21E4549E58523F8FF /* Pods-SideDish.debug.xcconfig */;
			buildSettings = {
				ASSETCATALOG_COMPILER_APPICON_NAME = AppIcon;
				CODE_SIGN_STYLE = Automatic;
				DEVELOPMENT_TEAM = 735P3R8MUU;
				INFOPLIST_FILE = SideDish/Info.plist;
				IPHONEOS_DEPLOYMENT_TARGET = 13.0;
				LD_RUNPATH_SEARCH_PATHS = (
					"$(inherited)",
					"@executable_path/Frameworks",
				);
				PRODUCT_BUNDLE_IDENTIFIER = hanseop.SideDish;
				PRODUCT_NAME = "$(TARGET_NAME)";
				SWIFT_VERSION = 5.0;
				TARGETED_DEVICE_FAMILY = "1,2";
			};
			name = Debug;
		};
		A5BD929B244DCAE900D6442F /* Release */ = {
			isa = XCBuildConfiguration;
			baseConfigurationReference = 351C86E347EA7654E8C0F0FE /* Pods-SideDish.release.xcconfig */;
			buildSettings = {
				ASSETCATALOG_COMPILER_APPICON_NAME = AppIcon;
				CODE_SIGN_STYLE = Automatic;
				DEVELOPMENT_TEAM = 735P3R8MUU;
				INFOPLIST_FILE = SideDish/Info.plist;
				IPHONEOS_DEPLOYMENT_TARGET = 13.0;
				LD_RUNPATH_SEARCH_PATHS = (
					"$(inherited)",
					"@executable_path/Frameworks",
				);
				PRODUCT_BUNDLE_IDENTIFIER = hanseop.SideDish;
				PRODUCT_NAME = "$(TARGET_NAME)";
				SWIFT_VERSION = 5.0;
				TARGETED_DEVICE_FAMILY = "1,2";
			};
			name = Release;
		};
		A5BD929D244DCAE900D6442F /* Debug */ = {
			isa = XCBuildConfiguration;
			buildSettings = {
				ALWAYS_EMBED_SWIFT_STANDARD_LIBRARIES = YES;
				BUNDLE_LOADER = "$(TEST_HOST)";
				CODE_SIGN_STYLE = Automatic;
				DEVELOPMENT_TEAM = 735P3R8MUU;
				INFOPLIST_FILE = SideDishTests/Info.plist;
				IPHONEOS_DEPLOYMENT_TARGET = 13.4;
				LD_RUNPATH_SEARCH_PATHS = (
					"$(inherited)",
					"@executable_path/Frameworks",
					"@loader_path/Frameworks",
				);
				PRODUCT_BUNDLE_IDENTIFIER = hanseop.SideDishTests;
				PRODUCT_NAME = "$(TARGET_NAME)";
				SWIFT_VERSION = 5.0;
				TARGETED_DEVICE_FAMILY = "1,2";
				TEST_HOST = "$(BUILT_PRODUCTS_DIR)/SideDish.app/SideDish";
			};
			name = Debug;
		};
		A5BD929E244DCAE900D6442F /* Release */ = {
			isa = XCBuildConfiguration;
			buildSettings = {
				ALWAYS_EMBED_SWIFT_STANDARD_LIBRARIES = YES;
				BUNDLE_LOADER = "$(TEST_HOST)";
				CODE_SIGN_STYLE = Automatic;
				DEVELOPMENT_TEAM = 735P3R8MUU;
				INFOPLIST_FILE = SideDishTests/Info.plist;
				IPHONEOS_DEPLOYMENT_TARGET = 13.4;
				LD_RUNPATH_SEARCH_PATHS = (
					"$(inherited)",
					"@executable_path/Frameworks",
					"@loader_path/Frameworks",
				);
				PRODUCT_BUNDLE_IDENTIFIER = hanseop.SideDishTests;
				PRODUCT_NAME = "$(TARGET_NAME)";
				SWIFT_VERSION = 5.0;
				TARGETED_DEVICE_FAMILY = "1,2";
				TEST_HOST = "$(BUILT_PRODUCTS_DIR)/SideDish.app/SideDish";
			};
			name = Release;
		};
/* End XCBuildConfiguration section */

/* Begin XCConfigurationList section */
		A5BD9275244DCAE500D6442F /* Build configuration list for PBXProject "SideDish" */ = {
			isa = XCConfigurationList;
			buildConfigurations = (
				A5BD9297244DCAE900D6442F /* Debug */,
				A5BD9298244DCAE900D6442F /* Release */,
			);
			defaultConfigurationIsVisible = 0;
			defaultConfigurationName = Release;
		};
		A5BD9299244DCAE900D6442F /* Build configuration list for PBXNativeTarget "SideDish" */ = {
			isa = XCConfigurationList;
			buildConfigurations = (
				A5BD929A244DCAE900D6442F /* Debug */,
				A5BD929B244DCAE900D6442F /* Release */,
			);
			defaultConfigurationIsVisible = 0;
			defaultConfigurationName = Release;
		};
		A5BD929C244DCAE900D6442F /* Build configuration list for PBXNativeTarget "SideDishTests" */ = {
			isa = XCConfigurationList;
			buildConfigurations = (
				A5BD929D244DCAE900D6442F /* Debug */,
				A5BD929E244DCAE900D6442F /* Release */,
			);
			defaultConfigurationIsVisible = 0;
			defaultConfigurationName = Release;
		};
/* End XCConfigurationList section */
	};
	rootObject = A5BD9272244DCAE500D6442F /* Project object */;
}
